{
  "requires": true,
  "lockfileVersion": 1,
  "dependencies": {
    "chart": {
      "version": "0.1.2",
      "resolved": "https://registry.npm.taobao.org/chart/download/chart-0.1.2.tgz",
      "integrity": "sha1-adnpFsJqi+2Fsp34Asdjq1KX0xg=",
      "requires": {
        "hashish": "^0.0.4",
        "hat": "^0.0.3",
        "mrcolor": "https://github.com/rook2pawn/mrcolor/archive/master.tar.gz"
      }
    },
    "color-convert": {
      "version": "0.2.1",
      "resolved": "https://registry.npm.taobao.org/color-convert/download/color-convert-0.2.1.tgz",
      "integrity": "sha1-NjyrI8lLMaDWTbcQSLjGqUD4xow="
    },
    "disqus": {
      "version": "0.3.0",
      "resolved": "https://registry.npm.taobao.org/disqus/download/disqus-0.3.0.tgz",
      "integrity": "sha1-4D6+R+2eu+32cYVNei7GvvcCSAY=",
      "requires": {
        "oauth": "^0.9.14",
        "request": "2.12.0",
        "underscore": "1.4.2"
      }
    },
    "donate": {
      "version": "0.0.0",
      "resolved": "https://registry.npm.taobao.org/donate/download/donate-0.0.0.tgz",
      "integrity": "sha1-Sm1ormy7DOJKFa8SL8KfjbFznBI="
    },
    "hashish": {
      "version": "0.0.4",
      "resolved": "https://registry.npm.taobao.org/hashish/download/hashish-0.0.4.tgz",
      "integrity": "sha1-bWC8b/r3Ebav1g5CbQd5iAFOZVQ=",
      "requires": {
        "traverse": ">=0.2.4"
      }
    },
    "hat": {
      "version": "0.0.3",
      "resolved": "https://registry.npm.taobao.org/hat/download/hat-0.0.3.tgz",
      "integrity": "sha1-uwFKnmSzeIrtgAWRdBPU/z1QLYo="
    },
    "mrcolor": {
      "version": "https://github.com/rook2pawn/mrcolor/archive/master.tar.gz",
      "integrity": "sha512-feteSepg0FRp0fW3RafigAjU7gXiiaa4OlMW39FEmcvQPbD7Zlpc2PSu4hVBPSBR4XNee8n6EjCTfK0O37DL5A==",
      "requires": {
        "color-convert": "0.2.x"
      }
    },
    "oauth": {
      "version": "0.9.15",
      "resolved": "https://registry.npm.taobao.org/oauth/download/oauth-0.9.15.tgz",
      "integrity": "sha1-vR/vr2hslrdUda7VGWQS/2DPucE="
    },
    "request": {
      "version": "2.12.0",
      "resolved": "https://registry.npm.taobao.org/request/download/request-2.12.0.tgz",
      "integrity": "sha1-EfRvILPQ9ISMY4OZHIB5CvFsjkg=",
      "requires": {
        "form-data": "~0.0.3",
        "mime": "~1.2.7"
      },
      "dependencies": {
        "form-data": {
          "version": "0.0.3",
          "bundled": true,
          "requires": {
            "async": "~0.1.9",
            "combined-stream": "0.0.3",
            "mime": "~1.2.2"
          },
          "dependencies": {
            "async": {
              "version": "0.1.9",
              "bundled": true
            },
            "combined-stream": {
              "version": "0.0.3",
              "bundled": true,
              "requires": {
                "delayed-stream": "0.0.5"
              },
              "dependencies": {
                "delayed-stream": {
                  "version": "0.0.5",
                  "bundled": true
                }
              }
            }
          }
        },
        "mime": {
          "version": "1.2.7",
          "bundled": true
        }
      }
    },
    "traverse": {
      "version": "0.6.6",
      "resolved": "https://registry.npm.taobao.org/traverse/download/traverse-0.6.6.tgz",
      "integrity": "sha1-y99WD9e5r2MlAv7UD5GMFX6pcTc="
    },
    "underscore": {
      "version": "1.4.2",
      "resolved": "https://registry.npm.taobao.org/underscore/download/underscore-1.4.2.tgz?cache=0&sync_timestamp=1606179555203&other_urls=https%3A%2F%2Fregistry.npm.taobao.org%2Funderscore%2Fdownload%2Funderscore-1.4.2.tgz",
      "integrity": "sha1-yyquanmZqJ/VWq7nW84DEWmM6/s="
    }
  }
}
